
Microsoft Visual Studio Solution File, Format Version 12.00
# Visual Studio 15
VisualStudioVersion = 15.0.28307.1022
MinimumVisualStudioVersion = 10.0.40219.1
Project("{FAE04EC0-301F-11D3-BF4B-00C04F79EFBC}") = "E-Library", "E-Library\E-Library.csproj", "{BC703FDC-3F60-430D-878A-6695D44940A4}"
EndProject
Global
	GlobalSection(SolutionConfigurationPlatforms) = preSolution
		Debug|Any CPU = Debug|Any CPU
		Release|Any CPU = Release|Any CPU
	EndGlobalSection
	GlobalSection(ProjectConfigurationPlatforms) = postSolution
		{BC703FDC-3F60-430D-878A-6695D44940A4}.Debug|Any CPU.ActiveCfg = Debug|Any CPU
		{BC703FDC-3F60-430D-878A-6695D44940A4}.Debug|Any CPU.Build.0 = Debug|Any CPU
		{BC703FDC-3F60-430D-878A-6695D44940A4}.Release|Any CPU.ActiveCfg = Release|Any CPU
		{BC703FDC-3F60-430D-878A-6695D44940A4}.Release|Any CPU.Build.0 = Release|Any CPU
	EndGlobalSection
	GlobalSection(SolutionProperties) = preSolution
		HideSolutionNode = FALSE
	EndGlobalSection
	GlobalSection(ExtensibilityGlobals) = postSolution
		SolutionGuid = {046AD599-3983-4E94-B21D-E5ECD6824E13}
	EndGlobalSection
EndGlobal
